# @generated - this file is auto-generated by `mise lock` https://mise.jdx.dev/dev-tools/mise-lock.html

[[tools.conform]]
version = "0.1.0-alpha.31"
backend = "aqua:siderolabs/conform"

[tools.conform."platforms.linux-arm64"]
checksum = "sha256:38fcd8630e2ab5804fa1c8c9ccc388bf9f6f55647a263c819851f5d2ae182195"
url = "https://github.com/siderolabs/conform/releases/download/v0.1.0-alpha.31/conform-linux-arm64"

[tools.conform."platforms.linux-x64"]
checksum = "sha256:344dd5fad42c61bf739491b490d453943d06f9aaed5488a738c0bbd4588b6914"
url = "https://github.com/siderolabs/conform/releases/download/v0.1.0-alpha.31/conform-linux-amd64"

[tools.conform."platforms.macos-arm64"]
checksum = "sha256:785b5038110dc1bdf6f35fc94aef7d3dbbf17e0dd3210acd52403d8fbff3843d"
url = "https://github.com/siderolabs/conform/releases/download/v0.1.0-alpha.31/conform-darwin-arm64"

[tools.conform."platforms.macos-x64"]
checksum = "sha256:26c722cdec0a417bccbe5bf72955402987c489bac84343928facfcf9070010a2"
url = "https://github.com/siderolabs/conform/releases/download/v0.1.0-alpha.31/conform-darwin-amd64"

[[tools.cosign]]
version = "3.1.3"
backend = "aqua:sigstore/cosign"

[tools.cosign."platforms.linux-arm64"]
checksum = "sha256:c5d324e091826b0d7a78eb16fef316450b4eb9aaec045611c08ba06f5e73220a"
url = "https://github.com/sigstore/cosign/releases/download/v3.1.3/cosign-linux-arm64"

[tools.cosign."platforms.linux-x64"]
checksum = "sha256:4629c757b7618056f8ddd7e2625ae9fdd94c0372a65049520bc7d9df9efc7f71"
url = "https://github.com/sigstore/cosign/releases/download/v3.1.3/cosign-linux-amd64"

[tools.cosign."platforms.macos-arm64"]
checksum = "sha256:5cf948c2f4dfe59687bdd0b8523709067383e03982cc543475c8a7dc70e92a76"
url = "https://github.com/sigstore/cosign/releases/download/v3.1.3/cosign-darwin-arm64"

[tools.cosign."platforms.macos-x64"]
checksum = "sha256:2347488e5d5b25336644024dfeca5601b190e91197a71a917bda44744aff106c"
url = "https://github.com/sigstore/cosign/releases/download/v3.1.3/cosign-darwin-amd64"

[tools.cosign."platforms.windows-x64"]
checksum = "sha256:9fe59be0eca1271873ce019061335eb1ac419b7059202e797828467ddabe33be"
url = "https://github.com/sigstore/cosign/releases/download/v3.1.3/cosign-windows-amd64.exe"

[[tools.go]]
version = "1.27.0"
backend = "core:go"

[tools.go."platforms.linux-arm64"]
checksum = "sha256:51798d2c42d0e1c6ed7fd9f48728b4193abac9e8aad6dbac2fe96a81f5909bda"
url = "https://dl.google.com/go/go1.27.0.linux-arm64.tar.gz"

[tools.go."platforms.linux-x64"]
checksum = "sha256:675c26c449cbb18fc24b74650de1eabbae6e16f64326fd85a283fb3b58280685"
url = "https://dl.google.com/go/go1.27.0.linux-amd64.tar.gz"

[tools.go."platforms.macos-arm64"]
checksum = "sha256:90493b3bbd5e10f91d12153198bf1994fd756399b4fec93b49b0c6e2acdeeb3e"
url = "https://dl.google.com/go/go1.27.0.darwin-arm64.tar.gz"

[tools.go."platforms.macos-x64"]
checksum = "sha256:d3314e25496e4381d71a5c51d2907e7af655d199f6780b549f015bd85fef4986"
url = "https://dl.google.com/go/go1.27.0.darwin-amd64.tar.gz"

[tools.go."platforms.windows-x64"]
checksum = "sha256:f0c0a0d33ba94f4d2c5dbc887334ce678b21813504ddb3aafcb06e60a5a667c4"
url = "https://dl.google.com/go/go1.27.0.windows-amd64.zip"

[[tools."go:golang.org/x/vuln/cmd/govulncheck"]]
version = "1.7.0"
backend = "go:golang.org/x/vuln/cmd/govulncheck"

[[tools.golangci-lint]]
version = "2.13.1"
backend = "aqua:golangci/golangci-lint"

[tools.golangci-lint."platforms.linux-arm64"]
checksum = "sha256:908317c23db18448f924e853b3d8a659fd919614cd438f224810a4053daa2607"
url = "https://github.com/golangci/golangci-lint/releases/download/v2.13.1/golangci-lint-2.13.1-linux-arm64.tar.gz"

[tools.golangci-lint."platforms.linux-x64"]
checksum = "sha256:b17bfbc9d4aaa48be7f4f1ce3240bc3d8200c870c072bacf15c26219e2cfb9cc"
url = "https://github.com/golangci/golangci-lint/releases/download/v2.13.1/golangci-lint-2.13.1-linux-amd64.tar.gz"

[tools.golangci-lint."platforms.macos-arm64"]
checksum = "sha256:0c9818baf6fb8ad26c6d2ef51b68d5a1e260ef07727036b1431647cc44637c7c"
url = "https://github.com/golangci/golangci-lint/releases/download/v2.13.1/golangci-lint-2.13.1-darwin-arm64.tar.gz"

[tools.golangci-lint."platforms.macos-x64"]
checksum = "sha256:2c373363953e4e0bee2a03b7fe864a5eb6a3822927cb077d9ca33f2ae3cb2da2"
url = "https://github.com/golangci/golangci-lint/releases/download/v2.13.1/golangci-lint-2.13.1-darwin-amd64.tar.gz"

[tools.golangci-lint."platforms.windows-x64"]
checksum = "sha256:cc119bdd57d2b35ce36fbc174b54949e1a1e45f2cadaf64372cc799cabaf88a9"
url = "https://github.com/golangci/golangci-lint/releases/download/v2.13.1/golangci-lint-2.13.1-windows-amd64.zip"

[[tools.goreleaser]]
version = "2.18.2"
backend = "aqua:goreleaser/goreleaser"

[tools.goreleaser."platforms.linux-arm64"]
checksum = "sha256:a71681b29194f08f057a68cfcaa5c6b15d907a83a2622c51900c4faff828f322"
url = "https://github.com/goreleaser/goreleaser/releases/download/v2.18.2/goreleaser_Linux_arm64.tar.gz"
url_api = "https://api.github.com/repos/goreleaser/goreleaser/releases/assets/569382435"
provenance = "github-attestations"

[tools.goreleaser."platforms.linux-x64"]
checksum = "sha256:0a96edc9d9bc594e4a41cc4d59467c182062910ab24d9d1f6dd7b667d32606d3"
url = "https://github.com/goreleaser/goreleaser/releases/download/v2.18.2/goreleaser_Linux_x86_64.tar.gz"
url_api = "https://api.github.com/repos/goreleaser/goreleaser/releases/assets/569382334"
provenance = "github-attestations"

[tools.goreleaser."platforms.macos-arm64"]
checksum = "sha256:4bfd26942aa0f78e275cad3e49144a7c5ce2e8a34f7d0e9d34c718125766ba12"
url = "https://github.com/goreleaser/goreleaser/releases/download/v2.18.2/goreleaser_Darwin_all.tar.gz"
url_api = "https://api.github.com/repos/goreleaser/goreleaser/releases/assets/569382437"
provenance = "github-attestations"

[tools.goreleaser."platforms.macos-x64"]
checksum = "sha256:4bfd26942aa0f78e275cad3e49144a7c5ce2e8a34f7d0e9d34c718125766ba12"
url = "https://github.com/goreleaser/goreleaser/releases/download/v2.18.2/goreleaser_Darwin_all.tar.gz"
url_api = "https://api.github.com/repos/goreleaser/goreleaser/releases/assets/569382437"
provenance = "github-attestations"

[tools.goreleaser."platforms.windows-x64"]
checksum = "sha256:de61a8e7a064abb14210b16c942facd299643d83341c5cd293f19155a7c8b95f"
url = "https://github.com/goreleaser/goreleaser/releases/download/v2.18.2/goreleaser_Windows_x86_64.zip"
url_api = "https://api.github.com/repos/goreleaser/goreleaser/releases/assets/569382470"
provenance = "github-attestations"

[[tools.pre-commit]]
version = "4.6.2"
backend = "aqua:pre-commit/pre-commit"

[tools.pre-commit."platforms.linux-arm64"]
checksum = "sha256:43c09a73d82af8efff09900e60d76d67a2c3d990613c3c770b2b5c4418a16c4b"
url = "https://github.com/pre-commit/pre-commit/releases/download/v4.6.2/pre-commit-4.6.2.pyz"

[tools.pre-commit."platforms.linux-x64"]
checksum = "sha256:43c09a73d82af8efff09900e60d76d67a2c3d990613c3c770b2b5c4418a16c4b"
url = "https://github.com/pre-commit/pre-commit/releases/download/v4.6.2/pre-commit-4.6.2.pyz"

[tools.pre-commit."platforms.macos-arm64"]
checksum = "sha256:43c09a73d82af8efff09900e60d76d67a2c3d990613c3c770b2b5c4418a16c4b"
url = "https://github.com/pre-commit/pre-commit/releases/download/v4.6.2/pre-commit-4.6.2.pyz"

[tools.pre-commit."platforms.macos-x64"]
checksum = "sha256:43c09a73d82af8efff09900e60d76d67a2c3d990613c3c770b2b5c4418a16c4b"
url = "https://github.com/pre-commit/pre-commit/releases/download/v4.6.2/pre-commit-4.6.2.pyz"

[[tools.syft]]
version = "1.51.0"
backend = "aqua:anchore/syft"

[tools.syft."platforms.linux-arm64"]
checksum = "sha256:6c0466811541ea03add5213a60a1562f0851e4c0b0ecfdee1a694a9455285900"
url = "https://github.com/anchore/syft/releases/download/v1.51.0/syft_1.51.0_linux_arm64.tar.gz"

[tools.syft."platforms.linux-x64"]
checksum = "sha256:2a2e837a2c8d59ec9af5472ee22d3b04ee463c4e44476ecf993fd1e5ab6ebc7f"
url = "https://github.com/anchore/syft/releases/download/v1.51.0/syft_1.51.0_linux_amd64.tar.gz"

[tools.syft."platforms.macos-arm64"]
checksum = "sha256:4f37f4c7fefce0a68e4cf71ba3f5f9829a99e65d89b29f7ee41b8c2c10ea8c59"
url = "https://github.com/anchore/syft/releases/download/v1.51.0/syft_1.51.0_darwin_arm64.tar.gz"

[tools.syft."platforms.macos-x64"]
checksum = "sha256:cddf9a044145caf0a1a3194d00d1dd51a1666f4814f2919cdb4768a0c062ad95"
url = "https://github.com/anchore/syft/releases/download/v1.51.0/syft_1.51.0_darwin_amd64.tar.gz"

[tools.syft."platforms.windows-x64"]
checksum = "sha256:fc5ffaeffb993576ece9c791da5a688fb2c8969a1479bbfe58583672c64da336"
url = "https://github.com/anchore/syft/releases/download/v1.51.0/syft_1.51.0_windows_amd64.zip"
